{"filter":false,"title":"package-lock.json","tooltip":"/Agents/package-lock.json","undoManager":{"mark":-1,"position":-1,"stack":[]},"ace":{"folds":[],"scrolltop":721.0546875,"scrollleft":0,"selection":{"start":{"row":70,"column":9},"end":{"row":70,"column":9},"isBackwards":false},"options":{"guessTabSize":true,"useWrapMode":false,"wrapToView":true},"firstLineState":0},"timestamp":1707869497122,"hash":"e08e35acced897e22aab0d80ae86f1e55c682cf3"}